{
  "name": "zhiduoxing-learning-studio",
  "version": "1.0.0",
  "lockfileVersion": 3,
  "requires": true,
  "packages": {
    "": {
      "name": "zhiduoxing-learning-studio",
      "version": "1.0.0",
      "dependencies": {
        "@openhex-ai/agent-sdk": "^0.5.1"
      },
      "engines": {
        "node": ">=20"
      }
    },
    "node_modules/@openhex-ai/agent-sdk": {
      "version": "0.5.1",
      "resolved": "https://registry.npmmirror.com/@openhex-ai/agent-sdk/-/agent-sdk-0.5.1.tgz",
      "integrity": "sha512-agqF5Ka8TVJjkrScfqkM/1jU71icd5ug2CYTJNGs8jYt46Aca3ssmQTtftYZ/Oy570fIldfv/+Yk0CHaJr+9TA==",
      "license": "SEE LICENSE IN LICENSE",
      "dependencies": {
        "qrcode.react": "^4.2.0",
        "zod": "^3.24.4"
      },
      "engines": {
        "node": ">=20"
      },
      "peerDependencies": {
        "react": ">=18",
        "react-dom": ">=18"
      },
      "peerDependenciesMeta": {
        "react": {
          "optional": true
        },
        "react-dom": {
          "optional": true
        }
      }
    },
    "node_modules/qrcode.react": {
      "version": "4.2.0",
      "resolved": "https://registry.npmmirror.com/qrcode.react/-/qrcode.react-4.2.0.tgz",
      "integrity": "sha512-QpgqWi8rD9DsS9EP3z7BT+5lY5SFhsqGjpgW5DY/i3mK4M9DTBNz3ErMi8BWYEfI3L0d8GIbGmcdFAS1uIRGjA==",
      "license": "ISC",
      "peerDependencies": {
        "react": "^16.8.0 || ^17.0.0 || ^18.0.0 || ^19.0.0"
      }
    },
    "node_modules/react": {
      "version": "19.3.0",
      "resolved": "https://registry.npmmirror.com/react/-/react-19.3.0.tgz",
      "integrity": "sha512-E8LUcbtBWt20bbl2YoHfx4ZDBdxVTfOKtCZn9cDSJ4l6/nuoApcpIBcj47t2wZoVX8g2ZHuMHbiShgCR1T5Sog==",
      "license": "MIT",
      "peer": true,
      "engines": {
        "node": ">=0.10.0"
      }
    },
    "node_modules/zod": {
      "version": "3.25.76",
      "resolved": "https://registry.npmmirror.com/zod/-/zod-3.25.76.tgz",
      "integrity": "sha512-gzUt/qt81nXsFGKIFcC3YnfEAx5NkunCfnDlvuBSSFS02bcXu4Lmea0AFIUwbLWxWPx3d9p8S5QoaujKcNQxcQ==",
      "license": "MIT",
      "funding": {
        "url": "https://github.com/sponsors/colinhacks"
      }
    }
  }
}
